{
    "_readme": [
        "This file locks the dependencies of your project to a known state",
        "Read more about it at https://getcomposer.org/doc/01-basic-usage.md#installing-dependencies",
        "This file is @generated automatically"
    ],
    "content-hash": "17c06581882918c4287c8c77ed3151a1",
    "packages": [
        {
            "name": "psr/log",
            "version": "3.0.0",
            "source": {
                "type": "git",
                "url": "https://github.com/php-fig/log.git",
                "reference": "fe5ea303b0887d5caefd3d431c3e61ad47037001"
            },
            "dist": {
                "type": "zip",
                "url": "https://api.github.com/repos/php-fig/log/zipball/fe5ea303b0887d5caefd3d431c3e61ad47037001",
                "reference": "fe5ea303b0887d5caefd3d431c3e61ad47037001",
                "shasum": ""
            },
            "require": {
                "php": ">=8.0.0"
            },
            "type": "library",
            "extra": {
                "branch-alias": {
                    "dev-master": "3.x-dev"
                }
            },
            "autoload": {
                "psr-4": {
                    "Psr\\Log\\": "src"
                }
            },
            "notification-url": "https://packagist.org/downloads/",
            "license": [
                "MIT"
            ],
            "authors": [
                {
                    "name": "PHP-FIG",
                    "homepage": "https://www.php-fig.org/"
                }
            ],
            "description": "Common interface for logging libraries",
            "homepage": "https://github.com/php-fig/log",
            "keywords": [
                "log",
                "psr",
                "psr-3"
            ],
            "support": {
                "source": "https://github.com/php-fig/log/tree/3.0.0"
            },
            "time": "2021-07-14T16:46:02+00:00"
        },
        {
            "name": "sagittaracc/di",
            "version": "v1.0.0",
            "source": {
                "type": "git",
                "url": "https://github.com/sagittaracc/di.git",
                "reference": "1e63a2888bc7882e4bcf2cebd75496d10fffdcbf"
            },
            "dist": {
                "type": "zip",
                "url": "https://api.github.com/repos/sagittaracc/di/zipball/1e63a2888bc7882e4bcf2cebd75496d10fffdcbf",
                "reference": "1e63a2888bc7882e4bcf2cebd75496d10fffdcbf",
                "shasum": ""
            },
            "require": {
                "sagittaracc/php-python-decorator": "^1.12"
            },
            "require-dev": {
                "phpunit/phpunit": "^9.5"
            },
            "type": "library",
            "autoload": {
                "psr-4": {
                    "Sagittaracc\\Di\\": "src/",
                    "Sagittaracc\\Di\\tests\\": "tests/"
                }
            },
            "notification-url": "https://packagist.org/downloads/",
            "support": {
                "issues": "https://github.com/sagittaracc/di/issues",
                "source": "https://github.com/sagittaracc/di/tree/v1.0.0"
            },
            "time": "2023-02-17T06:33:16+00:00"
        },
        {
            "name": "sagittaracc/php-python-decorator",
            "version": "v1.12.5",
            "source": {
                "type": "git",
                "url": "https://github.com/sagittaracc/decorator.git",
                "reference": "e249d3bee3b97e17506b524ae2b65d7079a73492"
            },
            "dist": {
                "type": "zip",
                "url": "https://api.github.com/repos/sagittaracc/decorator/zipball/e249d3bee3b97e17506b524ae2b65d7079a73492",
                "reference": "e249d3bee3b97e17506b524ae2b65d7079a73492",
                "shasum": ""
            },
            "require-dev": {
                "phpunit/phpunit": "^9.5"
            },
            "type": "library",
            "autoload": {
                "psr-4": {
                    "Sagittaracc\\PhpPythonDecorator\\": "src/",
                    "Sagittaracc\\PhpPythonDecorator\\tests\\": "tests/"
                }
            },
            "notification-url": "https://packagist.org/downloads/",
            "license": [
                "MIT"
            ],
            "authors": [
                {
                    "name": "sagittaracc",
                    "email": "sagittaracc@gmail.com"
                }
            ],
            "description": "Python style decorator for PHP",
            "support": {
                "issues": "https://github.com/sagittaracc/decorator/issues",
                "source": "https://github.com/sagittaracc/decorator/tree/v1.12.5"
            },
            "time": "2023-02-16T21:32:20+00:00"
        },
        {
            "name": "sagittaracc/router",
            "version": "v1.0.0",
            "source": {
                "type": "git",
                "url": "https://github.com/sagittaracc/router.git",
                "reference": "78a3f843fcd5121e825ccb81e6b860b33ba97e1f"
            },
            "dist": {
                "type": "zip",
                "url": "https://api.github.com/repos/sagittaracc/router/zipball/78a3f843fcd5121e825ccb81e6b860b33ba97e1f",
                "reference": "78a3f843fcd5121e825ccb81e6b860b33ba97e1f",
                "shasum": ""
            },
            "require": {
                "sagittaracc/php-python-decorator": "^1.12"
            },
            "require-dev": {
                "phpunit/phpunit": "^9.5"
            },
            "type": "library",
            "autoload": {
                "psr-4": {
                    "Sagittaracc\\Router\\": "src/",
                    "Sagittaracc\\Router\\tests\\": "tests/"
                }
            },
            "notification-url": "https://packagist.org/downloads/",
            "support": {
                "issues": "https://github.com/sagittaracc/router/issues",
                "source": "https://github.com/sagittaracc/router/tree/v1.0.0"
            },
            "time": "2023-02-17T06:51:08+00:00"
        },
        {
            "name": "yiisoft/arrays",
            "version": "3.0.0",
            "source": {
                "type": "git",
                "url": "https://github.com/yiisoft/arrays.git",
                "reference": "effe8c9384a8fec25d378c3e1c3b252573def52b"
            },
            "dist": {
                "type": "zip",
                "url": "https://api.github.com/repos/yiisoft/arrays/zipball/effe8c9384a8fec25d378c3e1c3b252573def52b",
                "reference": "effe8c9384a8fec25d378c3e1c3b252573def52b",
                "shasum": ""
            },
            "require": {
                "php": "^8.0",
                "yiisoft/strings": "^2.1"
            },
            "require-dev": {
                "maglnet/composer-require-checker": "^4.4",
                "phpunit/phpunit": "^9.5",
                "rector/rector": "^0.15.4",
                "roave/infection-static-analysis-plugin": "^1.25",
                "spatie/phpunit-watcher": "^1.23",
                "vimeo/psalm": "^4.30|^5.4"
            },
            "type": "library",
            "autoload": {
                "psr-4": {
                    "Yiisoft\\Arrays\\": "src"
                }
            },
            "notification-url": "https://packagist.org/downloads/",
            "license": [
                "BSD-3-Clause"
            ],
            "description": "Yii Array Helper",
            "homepage": "https://www.yiiframework.com/",
            "keywords": [
                "array",
                "helper",
                "yii"
            ],
            "support": {
                "chat": "https://t.me/yii3en",
                "forum": "https://forum.yiiframework.com/",
                "irc": "irc://irc.freenode.net/yii",
                "issues": "https://github.com/yiisoft/arrays/issues",
                "source": "https://github.com/yiisoft/arrays",
                "wiki": "https://www.yiiframework.com/wiki/"
            },
            "funding": [
                {
                    "url": "https://github.com/sponsors/yiisoft",
                    "type": "github"
                },
                {
                    "url": "https://opencollective.com/yiisoft",
                    "type": "opencollective"
                }
            ],
            "time": "2023-01-12T12:04:12+00:00"
        },
        {
            "name": "yiisoft/files",
            "version": "2.0.0",
            "source": {
                "type": "git",
                "url": "https://github.com/yiisoft/files.git",
                "reference": "129a8f8220e1cd2530f424951b8c24f426bd219c"
            },
            "dist": {
                "type": "zip",
                "url": "https://api.github.com/repos/yiisoft/files/zipball/129a8f8220e1cd2530f424951b8c24f426bd219c",
                "reference": "129a8f8220e1cd2530f424951b8c24f426bd219c",
                "shasum": ""
            },
            "require": {
                "php": "^8.0",
                "yiisoft/strings": "^2.0"
            },
            "require-dev": {
                "ext-zlib": "*",
                "phpunit/phpunit": "^9.5",
                "roave/infection-static-analysis-plugin": "^1.18",
                "spatie/phpunit-watcher": "^1.23",
                "vimeo/psalm": "^4.22"
            },
            "type": "library",
            "autoload": {
                "psr-4": {
                    "Yiisoft\\Files\\": "src"
                }
            },
            "notification-url": "https://packagist.org/downloads/",
            "license": [
                "BSD-3-Clause"
            ],
            "description": "Helper to manage files and directories",
            "homepage": "https://www.yiiframework.com/",
            "keywords": [
                "files"
            ],
            "support": {
                "chat": "https://t.me/yii3en",
                "forum": "https://www.yiiframework.com/forum/",
                "irc": "irc://irc.freenode.net/yii",
                "issues": "https://github.com/yiisoft/files/issues?state=open",
                "source": "https://github.com/yiisoft/files",
                "wiki": "https://www.yiiframework.com/wiki/"
            },
            "funding": [
                {
                    "url": "https://github.com/yiisoft",
                    "type": "github"
                },
                {
                    "url": "https://opencollective.com/yiisoft",
                    "type": "open_collective"
                }
            ],
            "time": "2022-07-05T06:43:38+00:00"
        },
        {
            "name": "yiisoft/log",
            "version": "2.0.0",
            "source": {
                "type": "git",
                "url": "https://github.com/yiisoft/log.git",
                "reference": "e46f498fa30c43a4b4d3ef30a14fc8f1a0fb58ac"
            },
            "dist": {
                "type": "zip",
                "url": "https://api.github.com/repos/yiisoft/log/zipball/e46f498fa30c43a4b4d3ef30a14fc8f1a0fb58ac",
                "reference": "e46f498fa30c43a4b4d3ef30a14fc8f1a0fb58ac",
                "shasum": ""
            },
            "require": {
                "php": "^8.0",
                "psr/log": "^2.0|^3.0",
                "yiisoft/var-dumper": "^1.0"
            },
            "provide": {
                "psr/log-implementation": "1.0.0"
            },
            "require-dev": {
                "ext-json": "*",
                "phpunit/phpunit": "^9.5",
                "roave/infection-static-analysis-plugin": "^1.18",
                "spatie/phpunit-watcher": "^1.23",
                "vimeo/psalm": "^4.22"
            },
            "suggest": {
                "yiisoft/log-target-db": "Allows writing log messages to the database",
                "yiisoft/log-target-email": "Allows sending log messages by email",
                "yiisoft/log-target-file": "Allows writing log messages to the files",
                "yiisoft/log-target-syslog": "Allows writing log messages to the Syslog"
            },
            "type": "library",
            "extra": {
                "config-plugin-options": {
                    "source-directory": "config"
                },
                "config-plugin": {
                    "events-console": "events-console.php",
                    "events-web": "events-web.php"
                }
            },
            "autoload": {
                "psr-4": {
                    "Yiisoft\\Log\\": "src"
                }
            },
            "notification-url": "https://packagist.org/downloads/",
            "license": [
                "BSD-3-Clause"
            ],
            "description": "Yii Logging Library",
            "homepage": "https://www.yiiframework.com/",
            "keywords": [
                "framework",
                "log",
                "logger",
                "psr-3",
                "yii"
            ],
            "support": {
                "chat": "https://t.me/yii3en",
                "forum": "https://www.yiiframework.com/forum/",
                "irc": "irc://irc.freenode.net/yii",
                "issues": "https://github.com/yiisoft/log/issues",
                "source": "https://github.com/yiisoft/log",
                "wiki": "https://www.yiiframework.com/wiki/"
            },
            "funding": [
                {
                    "url": "https://github.com/yiisoft",
                    "type": "github"
                },
                {
                    "url": "https://opencollective.com/yiisoft",
                    "type": "open_collective"
                }
            ],
            "time": "2022-05-22T12:30:35+00:00"
        },
        {
            "name": "yiisoft/log-target-file",
            "version": "3.0.0",
            "source": {
                "type": "git",
                "url": "https://github.com/yiisoft/log-target-file.git",
                "reference": "758a792d11f5b6d554450abc828e2db5d7613f22"
            },
            "dist": {
                "type": "zip",
                "url": "https://api.github.com/repos/yiisoft/log-target-file/zipball/758a792d11f5b6d554450abc828e2db5d7613f22",
                "reference": "758a792d11f5b6d554450abc828e2db5d7613f22",
                "shasum": ""
            },
            "require": {
                "ext-zlib": "*",
                "php": "^8.0",
                "yiisoft/files": "^1.0|^2.0",
                "yiisoft/log": "^2.0"
            },
            "require-dev": {
                "maglnet/composer-require-checker": "^4.2",
                "phpunit/phpunit": "^9.5",
                "rector/rector": "^0.15.1",
                "roave/infection-static-analysis-plugin": "^1.25",
                "spatie/phpunit-watcher": "^1.23",
                "vimeo/psalm": "^4.30|^5.2",
                "yiisoft/aliases": "^3.0",
                "yiisoft/di": "^1.0"
            },
            "suggest": {
                "ext-zlib": "Enabling gzip compression of rotated files."
            },
            "type": "library",
            "extra": {
                "config-plugin-options": {
                    "source-directory": "config"
                },
                "config-plugin": {
                    "di": "di.php",
                    "params": "params.php"
                }
            },
            "autoload": {
                "psr-4": {
                    "Yiisoft\\Log\\Target\\File\\": "src"
                }
            },
            "notification-url": "https://packagist.org/downloads/",
            "license": [
                "BSD-3-Clause"
            ],
            "description": "Yii Logging Library - File Target",
            "homepage": "https://www.yiiframework.com/",
            "keywords": [
                "framework",
                "log",
                "logger",
                "yii"
            ],
            "support": {
                "chat": "https://t.me/yii3en",
                "forum": "https://www.yiiframework.com/forum/",
                "irc": "irc://irc.freenode.net/yii",
                "issues": "https://github.com/yiisoft/log-target-file/issues",
                "source": "https://github.com/yiisoft/log-target-file",
                "wiki": "https://www.yiiframework.com/wiki/"
            },
            "funding": [
                {
                    "url": "https://github.com/yiisoft",
                    "type": "github"
                },
                {
                    "url": "https://opencollective.com/yiisoft",
                    "type": "open_collective"
                }
            ],
            "time": "2023-02-17T05:52:09+00:00"
        },
        {
            "name": "yiisoft/strings",
            "version": "2.1.0",
            "source": {
                "type": "git",
                "url": "https://github.com/yiisoft/strings.git",
                "reference": "714ebfbddf8a169194f0820adf0dd9f910363535"
            },
            "dist": {
                "type": "zip",
                "url": "https://api.github.com/repos/yiisoft/strings/zipball/714ebfbddf8a169194f0820adf0dd9f910363535",
                "reference": "714ebfbddf8a169194f0820adf0dd9f910363535",
                "shasum": ""
            },
            "require": {
                "ext-mbstring": "*",
                "php": "^7.4|^8.0"
            },
            "require-dev": {
                "phpunit/phpunit": "^9.5",
                "roave/infection-static-analysis-plugin": "^1.16",
                "spatie/phpunit-watcher": "^1.23",
                "vimeo/psalm": "^4.18"
            },
            "type": "library",
            "autoload": {
                "psr-4": {
                    "Yiisoft\\Strings\\": "src"
                }
            },
            "notification-url": "https://packagist.org/downloads/",
            "license": [
                "BSD-3-Clause"
            ],
            "description": "Yii Strings Helper",
            "homepage": "https://www.yiiframework.com/",
            "keywords": [
                "helper",
                "string",
                "yii"
            ],
            "support": {
                "chat": "https://t.me/yii3en",
                "forum": "https://www.yiiframework.com/forum/",
                "irc": "irc://irc.freenode.net/yii",
                "issues": "https://github.com/yiisoft/strings/issues",
                "source": "https://github.com/yiisoft/strings",
                "wiki": "https://www.yiiframework.com/wiki/"
            },
            "funding": [
                {
                    "url": "https://github.com/yiisoft",
                    "type": "github"
                },
                {
                    "url": "https://opencollective.com/yiisoft",
                    "type": "open_collective"
                }
            ],
            "time": "2022-08-20T04:26:16+00:00"
        },
        {
            "name": "yiisoft/var-dumper",
            "version": "1.5.0",
            "source": {
                "type": "git",
                "url": "https://github.com/yiisoft/var-dumper.git",
                "reference": "d262d390f858ba2c2f71543d5f63686c6650c4bd"
            },
            "dist": {
                "type": "zip",
                "url": "https://api.github.com/repos/yiisoft/var-dumper/zipball/d262d390f858ba2c2f71543d5f63686c6650c4bd",
                "reference": "d262d390f858ba2c2f71543d5f63686c6650c4bd",
                "shasum": ""
            },
            "require": {
                "ext-json": "*",
                "ext-mbstring": "*",
                "ext-tokenizer": "*",
                "php": "^8.0",
                "yiisoft/arrays": "^1.0|^2.0|^3.0"
            },
            "require-dev": {
                "maglnet/composer-require-checker": "^4.2",
                "phpunit/phpunit": "^9.5",
                "roave/infection-static-analysis-plugin": "^1.16",
                "spatie/phpunit-watcher": "^1.23",
                "vimeo/psalm": "^4.30|^5.3"
            },
            "type": "library",
            "autoload": {
                "files": [
                    "src/functions.php"
                ],
                "psr-4": {
                    "Yiisoft\\VarDumper\\": "src"
                }
            },
            "notification-url": "https://packagist.org/downloads/",
            "license": [
                "BSD-3-Clause"
            ],
            "description": "Enhances functionality of var_dump() and var_export(). It is dealing with recursive references, may highlight syntax and export closures.",
            "homepage": "https://www.yiiframework.com/",
            "keywords": [
                "framework",
                "helper",
                "var-dumper",
                "yii"
            ],
            "support": {
                "chat": "https://t.me/yii3en",
                "forum": "https://www.yiiframework.com/forum/",
                "irc": "irc://irc.freenode.net/yii",
                "issues": "https://github.com/yiisoft/var-dumper/issues",
                "source": "https://github.com/yiisoft/var-dumper",
                "wiki": "https://www.yiiframework.com/wiki/"
            },
            "funding": [
                {
                    "url": "https://github.com/yiisoft",
                    "type": "github"
                },
                {
                    "url": "https://opencollective.com/yiisoft",
                    "type": "open_collective"
                }
            ],
            "time": "2023-01-16T22:17:52+00:00"
        }
    ],
    "packages-dev": [],
    "aliases": [],
    "minimum-stability": "stable",
    "stability-flags": [],
    "prefer-stable": false,
    "prefer-lowest": false,
    "platform": [],
    "platform-dev": [],
    "plugin-api-version": "2.2.0"
}
